
Microsoft Visual Studio Solution File, Format Version 12.00
# Visual Studio 15
VisualStudioVersion = 15.0.28010.2003
MinimumVisualStudioVersion = 10.0.40219.1
Project("{FAE04EC0-301F-11D3-BF4B-00C04F79EFBC}") = "FluentBuilder", "FluentBuilder\FluentBuilder.csproj", "{079CDE2E-05CC-408D-9557-513BFB48FB57}"
EndProject
Global
	GlobalSection(SolutionConfigurationPlatforms) = preSolution
		Debug|Any CPU = Debug|Any CPU
		Release|Any CPU = Release|Any CPU
	EndGlobalSection
	GlobalSection(ProjectConfigurationPlatforms) = postSolution
		{079CDE2E-05CC-408D-9557-513BFB48FB57}.Debug|Any CPU.ActiveCfg = Debug|Any CPU
		{079CDE2E-05CC-408D-9557-513BFB48FB57}.Debug|Any CPU.Build.0 = Debug|Any CPU
		{079CDE2E-05CC-408D-9557-513BFB48FB57}.Release|Any CPU.ActiveCfg = Release|Any CPU
		{079CDE2E-05CC-408D-9557-513BFB48FB57}.Release|Any CPU.Build.0 = Release|Any CPU
	EndGlobalSection
	GlobalSection(SolutionProperties) = preSolution
		HideSolutionNode = FALSE
	EndGlobalSection
	GlobalSection(ExtensibilityGlobals) = postSolution
		SolutionGuid = {CCA5E054-DE02-4BF1-BF9E-C653E5767710}
	EndGlobalSection
EndGlobal
